# @generated by Move, please check-in and do not edit manually.

[move]
version = 3
manifest_digest = "68CFD697C4CACB9B298F4F9E1B7033F11DBE2A21B6CBC7FE1B3FC551FFF548B2"
deps_digest = "F8BBB0CCB2491CA29A3DF03D6F92277A4F3574266507ACD77214D37ECA3F3082"
dependencies = [
  { id = "Sui", name = "Sui" },
]

[[move.package]]
id = "MoveStdlib"
source = { local = "..\\..\\sui\\crates\\sui-framework\\packages\\move-stdlib" }

[[move.package]]
id = "Sui"
source = { local = "..\\..\\sui\\crates\\sui-framework\\packages\\sui-framework" }

dependencies = [
  { id = "MoveStdlib", name = "MoveStdlib" },
]

[move.toolchain-version]
compiler-version = "1.56.0"
edition = "2024.beta"
flavor = "sui"

[env]

[env.testnet]
chain-id = "4c78adac"
original-published-id = "0x8e1367e3a514fd86b8a0ae0f45306aafd18eaa452a0c389e8133e6ae79361cc0"
latest-published-id = "0x8e1367e3a514fd86b8a0ae0f45306aafd18eaa452a0c389e8133e6ae79361cc0"
published-version = "1"
