# @generated by Move, please check-in and do not edit manually.

[move]
version = 3
manifest_digest = "45F6F1DF8735BDB9E0C088E2538154010719698309EFFFE063ACF30290A84071"
deps_digest = "F8BBB0CCB2491CA29A3DF03D6F92277A4F3574266507ACD77214D37ECA3F3082"
dependencies = [
  { id = "Sui", name = "Sui" },
]

[[move.package]]
id = "MoveStdlib"
source = { local = "..\\sui\\crates\\sui-framework\\packages\\move-stdlib" }

[[move.package]]
id = "Sui"
source = { local = "..\\sui\\crates\\sui-framework\\packages\\sui-framework" }

dependencies = [
  { id = "MoveStdlib", name = "MoveStdlib" },
]

[move.toolchain-version]
compiler-version = "1.56.0"
edition = "2024.beta"
flavor = "sui"

[env]

[env.testnet]
chain-id = "4c78adac"
original-published-id = "0xb515156e3d540f5056d02af9ccb62cd83daf6d838a235423dae619a796d18008"
latest-published-id = "0xb515156e3d540f5056d02af9ccb62cd83daf6d838a235423dae619a796d18008"
published-version = "1"
